
Microsoft Visual Studio Solution File, Format Version 12.00
# Visual Studio Version 17
VisualStudioVersion = 17.9.34622.214
MinimumVisualStudioVersion = 10.0.40219.1
Project("{FAE04EC0-301F-11D3-BF4B-00C04F79EFBC}") = "ButtleShip_MVVM", "ButtleShip_MVVM\ButtleShip_MVVM.csproj", "{8BF09084-5759-4882-80CB-C2B7D9D4C434}"
EndProject
Global
	GlobalSection(SolutionConfigurationPlatforms) = preSolution
		Debug|Any CPU = Debug|Any CPU
		Release|Any CPU = Release|Any CPU
	EndGlobalSection
	GlobalSection(ProjectConfigurationPlatforms) = postSolution
		{8BF09084-5759-4882-80CB-C2B7D9D4C434}.Debug|Any CPU.ActiveCfg = Debug|Any CPU
		{8BF09084-5759-4882-80CB-C2B7D9D4C434}.Debug|Any CPU.Build.0 = Debug|Any CPU
		{8BF09084-5759-4882-80CB-C2B7D9D4C434}.Release|Any CPU.ActiveCfg = Release|Any CPU
		{8BF09084-5759-4882-80CB-C2B7D9D4C434}.Release|Any CPU.Build.0 = Release|Any CPU
	EndGlobalSection
	GlobalSection(SolutionProperties) = preSolution
		HideSolutionNode = FALSE
	EndGlobalSection
	GlobalSection(ExtensibilityGlobals) = postSolution
		SolutionGuid = {91258B88-9621-462E-8E8C-67FB7608F86A}
	EndGlobalSection
EndGlobal
